
Microsoft Visual Studio Solution File, Format Version 12.00
# Visual Studio Version 17
VisualStudioVersion = 17.11.35303.130
MinimumVisualStudioVersion = 10.0.40219.1
Project("{FAE04EC0-301F-11D3-BF4B-00C04F79EFBC}") = "Website", "Website\Website.csproj", "{8855A825-3943-4535-8B74-68AAC02FC6B5}"
EndProject
Global
	GlobalSection(SolutionConfigurationPlatforms) = preSolution
		Debug|Any CPU = Debug|Any CPU
		Release|Any CPU = Release|Any CPU
	EndGlobalSection
	GlobalSection(ProjectConfigurationPlatforms) = postSolution
		{8855A825-3943-4535-8B74-68AAC02FC6B5}.Debug|Any CPU.ActiveCfg = Debug|Any CPU
		{8855A825-3943-4535-8B74-68AAC02FC6B5}.Debug|Any CPU.Build.0 = Debug|Any CPU
		{8855A825-3943-4535-8B74-68AAC02FC6B5}.Release|Any CPU.ActiveCfg = Release|Any CPU
		{8855A825-3943-4535-8B74-68AAC02FC6B5}.Release|Any CPU.Build.0 = Release|Any CPU
	EndGlobalSection
	GlobalSection(SolutionProperties) = preSolution
		HideSolutionNode = FALSE
	EndGlobalSection
	GlobalSection(ExtensibilityGlobals) = postSolution
		SolutionGuid = {281CA6F2-80F8-41D5-AE88-4068D6360FC5}
	EndGlobalSection
EndGlobal
